
Microsoft Visual Studio Solution File, Format Version 12.00
# Visual Studio 2017
Project("{FAE04EC0-301F-11D3-BF4B-00C04F79EFBC}") = "ZTris", "ZTris.csproj", "{D9408ECA-D80F-0FA9-861E-57579FE542AE}"
EndProject
Project("{FAE04EC0-301F-11D3-BF4B-00C04F79EFBC}") = "ZTris.CSharpTests", "..\ZTris.CSharpTests\ZTris.CSharpTests.csproj", "{7F1738CA-765B-4E94-88DD-8E5C5FBEB0DD}"
EndProject
Global
	GlobalSection(SolutionConfigurationPlatforms) = preSolution
		Debug|Any CPU = Debug|Any CPU
		Release|Any CPU = Release|Any CPU
	EndGlobalSection
	GlobalSection(ProjectConfigurationPlatforms) = postSolution
		{D9408ECA-D80F-0FA9-861E-57579FE542AE}.Debug|Any CPU.ActiveCfg = Debug|Any CPU
		{D9408ECA-D80F-0FA9-861E-57579FE542AE}.Debug|Any CPU.Build.0 = Debug|Any CPU
		{D9408ECA-D80F-0FA9-861E-57579FE542AE}.Release|Any CPU.ActiveCfg = Release|Any CPU
		{D9408ECA-D80F-0FA9-861E-57579FE542AE}.Release|Any CPU.Build.0 = Release|Any CPU
		{7F1738CA-765B-4E94-88DD-8E5C5FBEB0DD}.Debug|Any CPU.ActiveCfg = Debug|Any CPU
		{7F1738CA-765B-4E94-88DD-8E5C5FBEB0DD}.Debug|Any CPU.Build.0 = Debug|Any CPU
		{7F1738CA-765B-4E94-88DD-8E5C5FBEB0DD}.Release|Any CPU.ActiveCfg = Release|Any CPU
		{7F1738CA-765B-4E94-88DD-8E5C5FBEB0DD}.Release|Any CPU.Build.0 = Release|Any CPU
	EndGlobalSection
	GlobalSection(SolutionProperties) = preSolution
		HideSolutionNode = FALSE
	EndGlobalSection
EndGlobal
